
Microsoft Visual Studio Solution File, Format Version 12.00
# Visual Studio 15
VisualStudioVersion = 15.0.27703.2018
MinimumVisualStudioVersion = 10.0.40219.1
Project("{FAE04EC0-301F-11D3-BF4B-00C04F79EFBC}") = "projekat", "projekat\projekat.csproj", "{F0D2FB99-7946-44D4-AFC1-9D5CF4DF5F41}"
EndProject
Global
	GlobalSection(SolutionConfigurationPlatforms) = preSolution
		Debug|Any CPU = Debug|Any CPU
		Release|Any CPU = Release|Any CPU
	EndGlobalSection
	GlobalSection(ProjectConfigurationPlatforms) = postSolution
		{F0D2FB99-7946-44D4-AFC1-9D5CF4DF5F41}.Debug|Any CPU.ActiveCfg = Debug|Any CPU
		{F0D2FB99-7946-44D4-AFC1-9D5CF4DF5F41}.Debug|Any CPU.Build.0 = Debug|Any CPU
		{F0D2FB99-7946-44D4-AFC1-9D5CF4DF5F41}.Release|Any CPU.ActiveCfg = Release|Any CPU
		{F0D2FB99-7946-44D4-AFC1-9D5CF4DF5F41}.Release|Any CPU.Build.0 = Release|Any CPU
	EndGlobalSection
	GlobalSection(SolutionProperties) = preSolution
		HideSolutionNode = FALSE
	EndGlobalSection
	GlobalSection(ExtensibilityGlobals) = postSolution
		SolutionGuid = {1DF3AC62-CA1B-4256-8661-7511E430DE31}
	EndGlobalSection
EndGlobal
